
Microsoft Visual Studio Solution File, Format Version 12.00
# Visual Studio 2012
Project("{FAE04EC0-301F-11D3-BF4B-00C04F79EFBC}") = "Core", "Core\Core.csproj", "{673BCA2A-BEC1-4CC9-877C-83FC57949249}"
EndProject
Project("{FAE04EC0-301F-11D3-BF4B-00C04F79EFBC}") = "Core.iOS", "iOS\Core.iOS.csproj", "{C725E372-F5D9-442C-96A5-F1055AD3FA05}"
EndProject
Project("{FAE04EC0-301F-11D3-BF4B-00C04F79EFBC}") = "Core.Droid", "Droid\Core.Droid.csproj", "{18986738-8356-4B34-8C2F-8FB00375083D}"
EndProject
Global
	GlobalSection(SolutionConfigurationPlatforms) = preSolution
		Debug|Any CPU = Debug|Any CPU
		Release|Any CPU = Release|Any CPU
		Debug|iPhoneSimulator = Debug|iPhoneSimulator
		Release|iPhone = Release|iPhone
		Release|iPhoneSimulator = Release|iPhoneSimulator
		Debug|iPhone = Debug|iPhone
	EndGlobalSection
	GlobalSection(ProjectConfigurationPlatforms) = postSolution
		{673BCA2A-BEC1-4CC9-877C-83FC57949249}.Debug|Any CPU.ActiveCfg = Debug|Any CPU
		{673BCA2A-BEC1-4CC9-877C-83FC57949249}.Debug|Any CPU.Build.0 = Debug|Any CPU
		{673BCA2A-BEC1-4CC9-877C-83FC57949249}.Release|Any CPU.ActiveCfg = Release|Any CPU
		{673BCA2A-BEC1-4CC9-877C-83FC57949249}.Release|Any CPU.Build.0 = Release|Any CPU
		{673BCA2A-BEC1-4CC9-877C-83FC57949249}.Debug|iPhoneSimulator.ActiveCfg = Debug|Any CPU
		{673BCA2A-BEC1-4CC9-877C-83FC57949249}.Debug|iPhoneSimulator.Build.0 = Debug|Any CPU
		{673BCA2A-BEC1-4CC9-877C-83FC57949249}.Release|iPhone.ActiveCfg = Release|Any CPU
		{673BCA2A-BEC1-4CC9-877C-83FC57949249}.Release|iPhone.Build.0 = Release|Any CPU
		{673BCA2A-BEC1-4CC9-877C-83FC57949249}.Release|iPhoneSimulator.ActiveCfg = Release|Any CPU
		{673BCA2A-BEC1-4CC9-877C-83FC57949249}.Release|iPhoneSimulator.Build.0 = Release|Any CPU
		{673BCA2A-BEC1-4CC9-877C-83FC57949249}.Debug|iPhone.ActiveCfg = Debug|Any CPU
		{673BCA2A-BEC1-4CC9-877C-83FC57949249}.Debug|iPhone.Build.0 = Debug|Any CPU
		{C725E372-F5D9-442C-96A5-F1055AD3FA05}.Debug|Any CPU.ActiveCfg = Debug|iPhoneSimulator
		{C725E372-F5D9-442C-96A5-F1055AD3FA05}.Debug|Any CPU.Build.0 = Debug|iPhoneSimulator
		{C725E372-F5D9-442C-96A5-F1055AD3FA05}.Release|Any CPU.ActiveCfg = Release|iPhone
		{C725E372-F5D9-442C-96A5-F1055AD3FA05}.Release|Any CPU.Build.0 = Release|iPhone
		{C725E372-F5D9-442C-96A5-F1055AD3FA05}.Debug|iPhoneSimulator.ActiveCfg = Debug|iPhoneSimulator
		{C725E372-F5D9-442C-96A5-F1055AD3FA05}.Debug|iPhoneSimulator.Build.0 = Debug|iPhoneSimulator
		{C725E372-F5D9-442C-96A5-F1055AD3FA05}.Release|iPhone.ActiveCfg = Release|iPhone
		{C725E372-F5D9-442C-96A5-F1055AD3FA05}.Release|iPhone.Build.0 = Release|iPhone
		{C725E372-F5D9-442C-96A5-F1055AD3FA05}.Release|iPhoneSimulator.ActiveCfg = Release|iPhoneSimulator
		{C725E372-F5D9-442C-96A5-F1055AD3FA05}.Release|iPhoneSimulator.Build.0 = Release|iPhoneSimulator
		{C725E372-F5D9-442C-96A5-F1055AD3FA05}.Debug|iPhone.ActiveCfg = Debug|iPhone
		{C725E372-F5D9-442C-96A5-F1055AD3FA05}.Debug|iPhone.Build.0 = Debug|iPhone
		{18986738-8356-4B34-8C2F-8FB00375083D}.Debug|Any CPU.ActiveCfg = Debug|Any CPU
		{18986738-8356-4B34-8C2F-8FB00375083D}.Debug|Any CPU.Build.0 = Debug|Any CPU
		{18986738-8356-4B34-8C2F-8FB00375083D}.Release|Any CPU.ActiveCfg = Release|Any CPU
		{18986738-8356-4B34-8C2F-8FB00375083D}.Release|Any CPU.Build.0 = Release|Any CPU
		{18986738-8356-4B34-8C2F-8FB00375083D}.Debug|iPhoneSimulator.ActiveCfg = Debug|Any CPU
		{18986738-8356-4B34-8C2F-8FB00375083D}.Debug|iPhoneSimulator.Build.0 = Debug|Any CPU
		{18986738-8356-4B34-8C2F-8FB00375083D}.Release|iPhone.ActiveCfg = Release|Any CPU
		{18986738-8356-4B34-8C2F-8FB00375083D}.Release|iPhone.Build.0 = Release|Any CPU
		{18986738-8356-4B34-8C2F-8FB00375083D}.Release|iPhoneSimulator.ActiveCfg = Release|Any CPU
		{18986738-8356-4B34-8C2F-8FB00375083D}.Release|iPhoneSimulator.Build.0 = Release|Any CPU
		{18986738-8356-4B34-8C2F-8FB00375083D}.Debug|iPhone.ActiveCfg = Debug|Any CPU
		{18986738-8356-4B34-8C2F-8FB00375083D}.Debug|iPhone.Build.0 = Debug|Any CPU
	EndGlobalSection
EndGlobal
